
Microsoft Visual Studio Solution File, Format Version 12.00
Project("{2150E333-8FDC-42A3-9474-1A3956D46DE8}") = "Src", "Src", "{2B8A493D-F5A1-414F-BA32-0AFE6EA3AF15}"
EndProject
Project("{2150E333-8FDC-42A3-9474-1A3956D46DE8}") = "Common", "Common", "{944C0C45-5297-46F6-AA84-E817A4C2DD58}"
EndProject
Project("{2150E333-8FDC-42A3-9474-1A3956D46DE8}") = "Core", "Core", "{D0FAA499-38B6-4C3E-9E54-35B8179111BD}"
EndProject
Project("{2150E333-8FDC-42A3-9474-1A3956D46DE8}") = "Infrastructure", "Infrastructure", "{F09D7149-5E75-4138-BA12-CBDA597A306F}"
EndProject
Project("{2150E333-8FDC-42A3-9474-1A3956D46DE8}") = "Presentation", "Presentation", "{53668180-B6C6-49AF-BFB9-93D4872B1990}"
EndProject
Project("{FAE04EC0-301F-11D3-BF4B-00C04F79EFBC}") = "CommonFunctions", "CommonFunctions\CommonFunctions.csproj", "{5895C059-BBDE-4A1D-8690-6E61DA0C0A66}"
EndProject
Project("{FAE04EC0-301F-11D3-BF4B-00C04F79EFBC}") = "Application", "Application\Application.csproj", "{3F130D8F-8BA2-4508-8371-0CDEC4C03F21}"
EndProject
Project("{FAE04EC0-301F-11D3-BF4B-00C04F79EFBC}") = "Domain", "Domain\Domain.csproj", "{8231B6D5-B6EA-450E-AF64-1974E2FAEFB5}"
EndProject
Project("{FAE04EC0-301F-11D3-BF4B-00C04F79EFBC}") = "Infrastructure", "Infrastructure\Infrastructure.csproj", "{E182C050-9BF0-48BE-A474-8C34842FC678}"
EndProject
Project("{FAE04EC0-301F-11D3-BF4B-00C04F79EFBC}") = "infrastructure.Asbtract", "infrastructure.Asbtract\infrastructure.Asbtract.csproj", "{64505E94-BDD5-4AD9-8056-D07610C9983E}"
EndProject
Project("{FAE04EC0-301F-11D3-BF4B-00C04F79EFBC}") = "Persistence", "Persistence\Persistence.csproj", "{45397CE0-B2D1-4295-8535-801DE61366A5}"
EndProject
Project("{FAE04EC0-301F-11D3-BF4B-00C04F79EFBC}") = "WebApi", "WebApi\WebApi.csproj", "{A65BBF60-1726-4EE4-BD28-D666D0A8DFB9}"
EndProject
Global
	GlobalSection(SolutionConfigurationPlatforms) = preSolution
		Debug|Any CPU = Debug|Any CPU
		Release|Any CPU = Release|Any CPU
	EndGlobalSection
	GlobalSection(ProjectConfigurationPlatforms) = postSolution
		{5895C059-BBDE-4A1D-8690-6E61DA0C0A66}.Debug|Any CPU.ActiveCfg = Debug|Any CPU
		{5895C059-BBDE-4A1D-8690-6E61DA0C0A66}.Debug|Any CPU.Build.0 = Debug|Any CPU
		{5895C059-BBDE-4A1D-8690-6E61DA0C0A66}.Release|Any CPU.ActiveCfg = Release|Any CPU
		{5895C059-BBDE-4A1D-8690-6E61DA0C0A66}.Release|Any CPU.Build.0 = Release|Any CPU
		{3F130D8F-8BA2-4508-8371-0CDEC4C03F21}.Debug|Any CPU.ActiveCfg = Debug|Any CPU
		{3F130D8F-8BA2-4508-8371-0CDEC4C03F21}.Debug|Any CPU.Build.0 = Debug|Any CPU
		{3F130D8F-8BA2-4508-8371-0CDEC4C03F21}.Release|Any CPU.ActiveCfg = Release|Any CPU
		{3F130D8F-8BA2-4508-8371-0CDEC4C03F21}.Release|Any CPU.Build.0 = Release|Any CPU
		{8231B6D5-B6EA-450E-AF64-1974E2FAEFB5}.Debug|Any CPU.ActiveCfg = Debug|Any CPU
		{8231B6D5-B6EA-450E-AF64-1974E2FAEFB5}.Debug|Any CPU.Build.0 = Debug|Any CPU
		{8231B6D5-B6EA-450E-AF64-1974E2FAEFB5}.Release|Any CPU.ActiveCfg = Release|Any CPU
		{8231B6D5-B6EA-450E-AF64-1974E2FAEFB5}.Release|Any CPU.Build.0 = Release|Any CPU
		{E182C050-9BF0-48BE-A474-8C34842FC678}.Debug|Any CPU.ActiveCfg = Debug|Any CPU
		{E182C050-9BF0-48BE-A474-8C34842FC678}.Debug|Any CPU.Build.0 = Debug|Any CPU
		{E182C050-9BF0-48BE-A474-8C34842FC678}.Release|Any CPU.ActiveCfg = Release|Any CPU
		{E182C050-9BF0-48BE-A474-8C34842FC678}.Release|Any CPU.Build.0 = Release|Any CPU
		{64505E94-BDD5-4AD9-8056-D07610C9983E}.Debug|Any CPU.ActiveCfg = Debug|Any CPU
		{64505E94-BDD5-4AD9-8056-D07610C9983E}.Debug|Any CPU.Build.0 = Debug|Any CPU
		{64505E94-BDD5-4AD9-8056-D07610C9983E}.Release|Any CPU.ActiveCfg = Release|Any CPU
		{64505E94-BDD5-4AD9-8056-D07610C9983E}.Release|Any CPU.Build.0 = Release|Any CPU
		{45397CE0-B2D1-4295-8535-801DE61366A5}.Debug|Any CPU.ActiveCfg = Debug|Any CPU
		{45397CE0-B2D1-4295-8535-801DE61366A5}.Debug|Any CPU.Build.0 = Debug|Any CPU
		{45397CE0-B2D1-4295-8535-801DE61366A5}.Release|Any CPU.ActiveCfg = Release|Any CPU
		{45397CE0-B2D1-4295-8535-801DE61366A5}.Release|Any CPU.Build.0 = Release|Any CPU
		{A65BBF60-1726-4EE4-BD28-D666D0A8DFB9}.Debug|Any CPU.ActiveCfg = Debug|Any CPU
		{A65BBF60-1726-4EE4-BD28-D666D0A8DFB9}.Debug|Any CPU.Build.0 = Debug|Any CPU
		{A65BBF60-1726-4EE4-BD28-D666D0A8DFB9}.Release|Any CPU.ActiveCfg = Release|Any CPU
		{A65BBF60-1726-4EE4-BD28-D666D0A8DFB9}.Release|Any CPU.Build.0 = Release|Any CPU
	EndGlobalSection
	GlobalSection(NestedProjects) = preSolution
		{944C0C45-5297-46F6-AA84-E817A4C2DD58} = {2B8A493D-F5A1-414F-BA32-0AFE6EA3AF15}
		{D0FAA499-38B6-4C3E-9E54-35B8179111BD} = {2B8A493D-F5A1-414F-BA32-0AFE6EA3AF15}
		{F09D7149-5E75-4138-BA12-CBDA597A306F} = {2B8A493D-F5A1-414F-BA32-0AFE6EA3AF15}
		{53668180-B6C6-49AF-BFB9-93D4872B1990} = {2B8A493D-F5A1-414F-BA32-0AFE6EA3AF15}
		{5895C059-BBDE-4A1D-8690-6E61DA0C0A66} = {944C0C45-5297-46F6-AA84-E817A4C2DD58}
		{3F130D8F-8BA2-4508-8371-0CDEC4C03F21} = {D0FAA499-38B6-4C3E-9E54-35B8179111BD}
		{8231B6D5-B6EA-450E-AF64-1974E2FAEFB5} = {D0FAA499-38B6-4C3E-9E54-35B8179111BD}
		{E182C050-9BF0-48BE-A474-8C34842FC678} = {F09D7149-5E75-4138-BA12-CBDA597A306F}
		{64505E94-BDD5-4AD9-8056-D07610C9983E} = {F09D7149-5E75-4138-BA12-CBDA597A306F}
		{45397CE0-B2D1-4295-8535-801DE61366A5} = {F09D7149-5E75-4138-BA12-CBDA597A306F}
		{A65BBF60-1726-4EE4-BD28-D666D0A8DFB9} = {53668180-B6C6-49AF-BFB9-93D4872B1990}
	EndGlobalSection
EndGlobal
